{
  "nodes": {
    "nimbusBuildSystem": {
      "inputs": {
        "nixpkgs": [
          "nixpkgs"
        ]
      },
      "locked": {
        "lastModified": 1773957872,
        "narHash": "sha256-nXg9qN/wIe3ZRyALE4IIK5BiYuXG2skQU+gu5ztDbl4=",
        "ref": "refs/heads/master",
        "rev": "3a7f3d03305f86d8e2529ab63f83e87d782716d5",
        "revCount": 241,
        "submodules": true,
        "type": "git",
        "url": "file:./vendor/nimbus-build-system"
      },
      "original": {
        "submodules": true,
        "type": "git",
        "url": "file:./vendor/nimbus-build-system"
      }
    },
    "nixpkgs": {
      "locked": {
        "lastModified": 1768818593,
        "narHash": "sha256-sMGoIJFAdXvGh4lZppBxJd4FYHQbNWtuZY4sn70OcrY=",
        "owner": "NixOS",
        "repo": "nixpkgs",
        "rev": "2a777ace4b722f2714cc06d596f2476ee628c04a",
        "type": "github"
      },
      "original": {
        "owner": "NixOS",
        "repo": "nixpkgs",
        "rev": "2a777ace4b722f2714cc06d596f2476ee628c04a",
        "type": "github"
      }
    },
    "root": {
      "inputs": {
        "nimbusBuildSystem": "nimbusBuildSystem",
        "nixpkgs": "nixpkgs"
      }
    }
  },
  "root": "root",
  "version": 7
}
