{
  "nodes": {
    "nimbusBuildSystem": {
      "inputs": {
        "nixpkgs": [
          "nixpkgs"
        ]
      },
      "locked": {
        "lastModified": 1776820559,
        "narHash": "sha256-52aH5UVHMHVSw38w0bpXXrz+KY4T7DejCMHg6Wn0w2o=",
        "ref": "refs/heads/master",
        "rev": "4b26def5f6ecd8ba84c3726ce4ce1ffccba613f8",
        "revCount": 248,
        "submodules": true,
        "type": "git",
        "url": "https://github.com/status-im/nimbus-build-system"
      },
      "original": {
        "submodules": true,
        "type": "git",
        "url": "https://github.com/status-im/nimbus-build-system"
      }
    },
    "nixpkgs": {
      "locked": {
        "lastModified": 1768818593,
        "narHash": "sha256-sMGoIJFAdXvGh4lZppBxJd4FYHQbNWtuZY4sn70OcrY=",
        "owner": "NixOS",
        "repo": "nixpkgs",
        "rev": "2a777ace4b722f2714cc06d596f2476ee628c04a",
        "type": "github"
      },
      "original": {
        "owner": "NixOS",
        "repo": "nixpkgs",
        "rev": "2a777ace4b722f2714cc06d596f2476ee628c04a",
        "type": "github"
      }
    },
    "root": {
      "inputs": {
        "nimbusBuildSystem": "nimbusBuildSystem",
        "nixpkgs": "nixpkgs"
      }
    }
  },
  "root": "root",
  "version": 7
}
